
Microsoft Visual Studio Solution File, Format Version 12.00
# Visual Studio Version 16
VisualStudioVersion = 16.0.29306.81
MinimumVisualStudioVersion = 10.0.40219.1
Project("{FAE04EC0-301F-11D3-BF4B-00C04F79EFBC}") = "8_puzzel", "8_puzzel\8_puzzel.csproj", "{53B9CD00-A478-46D6-AA72-5F4CC71F264B}"
EndProject
Global
	GlobalSection(SolutionConfigurationPlatforms) = preSolution
		Debug|Any CPU = Debug|Any CPU
		Release|Any CPU = Release|Any CPU
	EndGlobalSection
	GlobalSection(ProjectConfigurationPlatforms) = postSolution
		{53B9CD00-A478-46D6-AA72-5F4CC71F264B}.Debug|Any CPU.ActiveCfg = Debug|Any CPU
		{53B9CD00-A478-46D6-AA72-5F4CC71F264B}.Debug|Any CPU.Build.0 = Debug|Any CPU
		{53B9CD00-A478-46D6-AA72-5F4CC71F264B}.Release|Any CPU.ActiveCfg = Release|Any CPU
		{53B9CD00-A478-46D6-AA72-5F4CC71F264B}.Release|Any CPU.Build.0 = Release|Any CPU
	EndGlobalSection
	GlobalSection(SolutionProperties) = preSolution
		HideSolutionNode = FALSE
	EndGlobalSection
	GlobalSection(ExtensibilityGlobals) = postSolution
		SolutionGuid = {C8E2BC3A-1E13-4471-9395-F2251D06ED67}
	EndGlobalSection
EndGlobal
